# THIS IS AN AUTOGENERATED FILE. DO NOT EDIT THIS FILE DIRECTLY.
# yarn lockfile v1


"@types/boom@*":
  version "7.2.0"
  resolved "https://registry.yarnpkg.com/@types/boom/-/boom-7.2.0.tgz#19c36cbb5811a7493f0f2e37f31d42b28df1abc1"

"@types/catbox@*":
  version "10.0.0"
  resolved "https://registry.yarnpkg.com/@types/catbox/-/catbox-10.0.0.tgz#1e01e5ad83e224f110cc59f6f57c56558f7eeb61"

"@types/hapi@^17.0.12":
  version "17.0.12"
  resolved "https://registry.yarnpkg.com/@types/hapi/-/hapi-17.0.12.tgz#5751f4d8db4decb4eae6671a4efbeae671278ceb"
  dependencies:
    "@types/boom" "*"
    "@types/catbox" "*"
    "@types/iron" "*"
    "@types/joi" "*"
    "@types/mimos" "*"
    "@types/node" "*"
    "@types/podium" "*"
    "@types/shot" "*"

"@types/iron@*":
  version "5.0.1"
  resolved "https://registry.yarnpkg.com/@types/iron/-/iron-5.0.1.tgz#5420bbda8623c48ee51b9a78ebad05d7305b4b24"
  dependencies:
    "@types/node" "*"

"@types/joi@*":
  version "13.3.0"
  resolved "https://registry.yarnpkg.com/@types/joi/-/joi-13.3.0.tgz#bdfa2e49d8d258ba79f23304228d0c4d5cfc848c"

"@types/mime-db@*":
  version "1.27.0"
  resolved "https://registry.yarnpkg.com/@types/mime-db/-/mime-db-1.27.0.tgz#9bc014a1fd1fdf47649c1a54c6dd7966b8284792"

"@types/mimos@*":
  version "3.0.1"
  resolved "https://registry.yarnpkg.com/@types/mimos/-/mimos-3.0.1.tgz#59d96abe1c9e487e7463fe41e8d86d76b57a441a"
  dependencies:
    "@types/mime-db" "*"

"@types/node@*":
  version "10.3.5"
  resolved "https://registry.yarnpkg.com/@types/node/-/node-10.3.5.tgz#8423cdf6e6fb83433e489900d7600d3b61c8260c"

"@types/podium@*":
  version "1.0.0"
  resolved "https://registry.yarnpkg.com/@types/podium/-/podium-1.0.0.tgz#bfaa2151be2b1d6109cc69f7faa9dac2cba3bb20"

"@types/shot@*":
  version "3.4.0"
  resolved "https://registry.yarnpkg.com/@types/shot/-/shot-3.4.0.tgz#459477c5187d3ebd303660ab099e7e9e0f3b656f"
  dependencies:
    "@types/node" "*"

accept@3.x.x:
  version "3.0.2"
  resolved "https://registry.yarnpkg.com/accept/-/accept-3.0.2.tgz#83e41cec7e1149f3fd474880423873db6c6cc9ac"
  dependencies:
    boom "7.x.x"
    hoek "5.x.x"

ammo@3.x.x:
  version "3.0.1"
  resolved "https://registry.yarnpkg.com/ammo/-/ammo-3.0.1.tgz#c79ceeac36fb4e55085ea3fe0c2f42bfa5f7c914"
  dependencies:
    hoek "5.x.x"

b64@4.x.x:
  version "4.0.0"
  resolved "https://registry.yarnpkg.com/b64/-/b64-4.0.0.tgz#c37f587f0a383c7019e821120e8c3f58f0d22772"

big-time@2.x.x:
  version "2.0.1"
  resolved "https://registry.yarnpkg.com/big-time/-/big-time-2.0.1.tgz#68c7df8dc30f97e953f25a67a76ac9713c16c9de"

boom@7.x.x, boom@^7.2.0:
  version "7.2.0"
  resolved "https://registry.yarnpkg.com/boom/-/boom-7.2.0.tgz#2bff24a55565767fde869ec808317eb10c48e966"
  dependencies:
    hoek "5.x.x"

bounce@1.x.x:
  version "1.2.0"
  resolved "https://registry.yarnpkg.com/bounce/-/bounce-1.2.0.tgz#e3bac68c73fd256e38096551efc09f504873c8c8"
  dependencies:
    boom "7.x.x"
    hoek "5.x.x"

call@5.x.x:
  version "5.0.1"
  resolved "https://registry.yarnpkg.com/call/-/call-5.0.1.tgz#ac1b5c106d9edc2a17af2a4a4f74dd4f0c06e910"
  dependencies:
    boom "7.x.x"
    hoek "5.x.x"

catbox-memory@3.x.x:
  version "3.1.2"
  resolved "https://registry.yarnpkg.com/catbox-memory/-/catbox-memory-3.1.2.tgz#4aeec1bc994419c0f7e60087f172aaedd9b4911c"
  dependencies:
    big-time "2.x.x"
    boom "7.x.x"
    hoek "5.x.x"

catbox@10.x.x:
  version "10.0.2"
  resolved "https://registry.yarnpkg.com/catbox/-/catbox-10.0.2.tgz#e6ac1f35102d1a9bd07915b82e508d12b50a8bfa"
  dependencies:
    boom "7.x.x"
    bounce "1.x.x"
    hoek "5.x.x"
    joi "13.x.x"

content@4.x.x:
  version "4.0.5"
  resolved "https://registry.yarnpkg.com/content/-/content-4.0.5.tgz#bc547deabc889ab69bce17faf3585c29f4c41bf2"
  dependencies:
    boom "7.x.x"

cryptiles@4.x.x:
  version "4.1.1"
  resolved "https://registry.yarnpkg.com/cryptiles/-/cryptiles-4.1.1.tgz#169256b9df9fe3c73f8085c99e30b32247d4ab46"
  dependencies:
    boom "7.x.x"

graceful-fs@^4.1.6:
  version "4.1.11"
  resolved "https://registry.yarnpkg.com/graceful-fs/-/graceful-fs-4.1.11.tgz#0e8bdfe4d1ddb8854d64e04ea7c00e2a026e5658"

hapi@^17.5.1:
  version "17.5.1"
  resolved "https://registry.yarnpkg.com/hapi/-/hapi-17.5.1.tgz#0e6ca5d3d908c4c96203221c9c246e23fce4b49b"
  dependencies:
    accept "3.x.x"
    ammo "3.x.x"
    boom "7.x.x"
    bounce "1.x.x"
    call "5.x.x"
    catbox "10.x.x"
    catbox-memory "3.x.x"
    heavy "6.x.x"
    hoek "5.x.x"
    joi "13.x.x"
    mimos "4.x.x"
    podium "3.x.x"
    shot "4.x.x"
    statehood "6.x.x"
    subtext "6.x.x"
    teamwork "3.x.x"
    topo "3.x.x"

heavy@6.x.x:
  version "6.1.0"
  resolved "https://registry.yarnpkg.com/heavy/-/heavy-6.1.0.tgz#1bbfa43dc61dd4b543ede3ff87db8306b7967274"
  dependencies:
    boom "7.x.x"
    hoek "5.x.x"
    joi "13.x.x"

hoek@5.x.x:
  version "5.0.3"
  resolved "https://registry.yarnpkg.com/hoek/-/hoek-5.0.3.tgz#b71d40d943d0a95da01956b547f83c4a5b4a34ac"

inert@^5.1.0:
  version "5.1.0"
  resolved "https://registry.yarnpkg.com/inert/-/inert-5.1.0.tgz#e9f130dc3047ccd9ffaa64b157b4c1114611035d"
  dependencies:
    ammo "3.x.x"
    boom "7.x.x"
    bounce "1.x.x"
    hoek "5.x.x"
    joi "13.x.x"
    lru-cache "4.1.x"

iron@5.x.x:
  version "5.0.4"
  resolved "https://registry.yarnpkg.com/iron/-/iron-5.0.4.tgz#003ed822f656f07c2b62762815f5de3947326867"
  dependencies:
    boom "7.x.x"
    cryptiles "4.x.x"
    hoek "5.x.x"

is-url@^1.2.4:
  version "1.2.4"
  resolved "https://registry.yarnpkg.com/is-url/-/is-url-1.2.4.tgz#04a4df46d28c4cff3d73d01ff06abeb318a1aa52"

isemail@3.x.x:
  version "3.1.2"
  resolved "https://registry.yarnpkg.com/isemail/-/isemail-3.1.2.tgz#937cf919002077999a73ea8b1951d590e84e01dd"
  dependencies:
    punycode "2.x.x"

joi@13.x.x, joi@^13.4.0:
  version "13.4.0"
  resolved "https://registry.yarnpkg.com/joi/-/joi-13.4.0.tgz#afc359ee3d8bc5f9b9ba6cdc31b46d44af14cecc"
  dependencies:
    hoek "5.x.x"
    isemail "3.x.x"
    topo "3.x.x"

jsonfile@^4.0.0:
  version "4.0.0"
  resolved "https://registry.yarnpkg.com/jsonfile/-/jsonfile-4.0.0.tgz#8771aae0799b64076b76640fca058f9c10e33ecb"
  optionalDependencies:
    graceful-fs "^4.1.6"

lru-cache@4.1.x:
  version "4.1.3"
  resolved "https://registry.yarnpkg.com/lru-cache/-/lru-cache-4.1.3.tgz#a1175cf3496dfc8436c156c334b4955992bce69c"
  dependencies:
    pseudomap "^1.0.2"
    yallist "^2.1.2"

mime-db@1.x.x:
  version "1.34.0"
  resolved "https://registry.yarnpkg.com/mime-db/-/mime-db-1.34.0.tgz#452d0ecff5c30346a6dc1e64b1eaee0d3719ff9a"

mimos@4.x.x:
  version "4.0.0"
  resolved "https://registry.yarnpkg.com/mimos/-/mimos-4.0.0.tgz#76e3d27128431cb6482fd15b20475719ad626a5a"
  dependencies:
    hoek "5.x.x"
    mime-db "1.x.x"

nan@2.10.*:
  version "2.10.0"
  resolved "https://registry.yarnpkg.com/nan/-/nan-2.10.0.tgz#96d0cd610ebd58d4b4de9cc0c6828cda99c7548f"

net-ping@^1.2.3:
  version "1.2.3"
  resolved "https://registry.yarnpkg.com/net-ping/-/net-ping-1.2.3.tgz#c4dd248f6e3d8d73db6928002106bb71ceae4a40"
  dependencies:
    raw-socket "*"

nigel@3.x.x:
  version "3.0.1"
  resolved "https://registry.yarnpkg.com/nigel/-/nigel-3.0.1.tgz#48a08859d65177312f1c25af7252c1e07bb07c2a"
  dependencies:
    hoek "5.x.x"
    vise "3.x.x"

pez@4.x.x:
  version "4.0.2"
  resolved "https://registry.yarnpkg.com/pez/-/pez-4.0.2.tgz#0a7c81b64968e90b0e9562b398f390939e9c4b53"
  dependencies:
    b64 "4.x.x"
    boom "7.x.x"
    content "4.x.x"
    hoek "5.x.x"
    nigel "3.x.x"

podium@3.x.x:
  version "3.1.2"
  resolved "https://registry.yarnpkg.com/podium/-/podium-3.1.2.tgz#b701429739cf6bdde6b3015ae6b48d400817ce9e"
  dependencies:
    hoek "5.x.x"
    joi "13.x.x"

pseudomap@^1.0.2:
  version "1.0.2"
  resolved "https://registry.yarnpkg.com/pseudomap/-/pseudomap-1.0.2.tgz#f052a28da70e618917ef0a8ac34c1ae5a68286b3"

punycode@2.x.x:
  version "2.1.1"
  resolved "https://registry.yarnpkg.com/punycode/-/punycode-2.1.1.tgz#b58b010ac40c22c5657616c8d2c2c02c7bf479ec"

raw-socket@*:
  version "1.6.2"
  resolved "https://registry.yarnpkg.com/raw-socket/-/raw-socket-1.6.2.tgz#d41c8cd9f79e39fed9dcc2581297f7e17b6860d2"
  dependencies:
    nan "2.10.*"

shorthash@^0.0.2:
  version "0.0.2"
  resolved "https://registry.yarnpkg.com/shorthash/-/shorthash-0.0.2.tgz#59b268eecbde59038b30da202bcfbddeb2c4a4eb"

shot@4.x.x:
  version "4.0.5"
  resolved "https://registry.yarnpkg.com/shot/-/shot-4.0.5.tgz#c7e7455d11d60f6b6cd3c43e15a3b431c17e5566"
  dependencies:
    hoek "5.x.x"
    joi "13.x.x"

statehood@6.x.x:
  version "6.0.6"
  resolved "https://registry.yarnpkg.com/statehood/-/statehood-6.0.6.tgz#0dbd7c50774d3f61a24e42b0673093bbc81fa5f0"
  dependencies:
    boom "7.x.x"
    bounce "1.x.x"
    cryptiles "4.x.x"
    hoek "5.x.x"
    iron "5.x.x"
    joi "13.x.x"

subtext@6.x.x:
  version "6.0.7"
  resolved "https://registry.yarnpkg.com/subtext/-/subtext-6.0.7.tgz#8e40a67901a734d598142665c90e398369b885f9"
  dependencies:
    boom "7.x.x"
    content "4.x.x"
    hoek "5.x.x"
    pez "4.x.x"
    wreck "14.x.x"

teamwork@3.x.x:
  version "3.0.1"
  resolved "https://registry.yarnpkg.com/teamwork/-/teamwork-3.0.1.tgz#ff38c7161f41f8070b7813716eb6154036ece196"

topo@3.x.x:
  version "3.0.0"
  resolved "https://registry.yarnpkg.com/topo/-/topo-3.0.0.tgz#37e48c330efeac784538e0acd3e62ca5e231fe7a"
  dependencies:
    hoek "5.x.x"

valid-url@^1.0.9:
  version "1.0.9"
  resolved "https://registry.yarnpkg.com/valid-url/-/valid-url-1.0.9.tgz#1c14479b40f1397a75782f115e4086447433a200"

vise@3.x.x:
  version "3.0.0"
  resolved "https://registry.yarnpkg.com/vise/-/vise-3.0.0.tgz#76ad14ab31669c50fbb0817bc0e72fedcbb3bf4c"
  dependencies:
    hoek "5.x.x"

wreck@14.x.x:
  version "14.0.2"
  resolved "https://registry.yarnpkg.com/wreck/-/wreck-14.0.2.tgz#89c17a9061c745ed1c3aebcb66ea181dbaab454c"
  dependencies:
    boom "7.x.x"
    hoek "5.x.x"

yallist@^2.1.2:
  version "2.1.2"
  resolved "https://registry.yarnpkg.com/yallist/-/yallist-2.1.2.tgz#1c11f9218f076089a47dd512f93c6699a6a81d52"
